
Microsoft Visual Studio Solution File, Format Version 12.00
# Visual Studio Version 17
VisualStudioVersion = 17.7.34009.444
MinimumVisualStudioVersion = 10.0.40219.1
Project("{FAE04EC0-301F-11D3-BF4B-00C04F79EFBC}") = "RTLFarm.Android", "RTLFarm\RTLFarm.Android\RTLFarm.Android.csproj", "{6243B518-B6E9-4CC6-BC87-88FEFC69CF0A}"
EndProject
Project("{FAE04EC0-301F-11D3-BF4B-00C04F79EFBC}") = "RTLFarm", "RTLFarm\RTLFarm\RTLFarm.csproj", "{80FFAF16-8943-491D-97D4-FBA5047520C3}"
EndProject
Global
	GlobalSection(SolutionConfigurationPlatforms) = preSolution
		Debug|Any CPU = Debug|Any CPU
		Release|Any CPU = Release|Any CPU
	EndGlobalSection
	GlobalSection(ProjectConfigurationPlatforms) = postSolution
		{6243B518-B6E9-4CC6-BC87-88FEFC69CF0A}.Debug|Any CPU.ActiveCfg = Debug|Any CPU
		{6243B518-B6E9-4CC6-BC87-88FEFC69CF0A}.Debug|Any CPU.Build.0 = Debug|Any CPU
		{6243B518-B6E9-4CC6-BC87-88FEFC69CF0A}.Debug|Any CPU.Deploy.0 = Debug|Any CPU
		{6243B518-B6E9-4CC6-BC87-88FEFC69CF0A}.Release|Any CPU.ActiveCfg = Release|Any CPU
		{6243B518-B6E9-4CC6-BC87-88FEFC69CF0A}.Release|Any CPU.Build.0 = Release|Any CPU
		{6243B518-B6E9-4CC6-BC87-88FEFC69CF0A}.Release|Any CPU.Deploy.0 = Release|Any CPU
		{80FFAF16-8943-491D-97D4-FBA5047520C3}.Debug|Any CPU.ActiveCfg = Debug|Any CPU
		{80FFAF16-8943-491D-97D4-FBA5047520C3}.Debug|Any CPU.Build.0 = Debug|Any CPU
		{80FFAF16-8943-491D-97D4-FBA5047520C3}.Debug|Any CPU.Deploy.0 = Debug|Any CPU
		{80FFAF16-8943-491D-97D4-FBA5047520C3}.Release|Any CPU.ActiveCfg = Release|Any CPU
		{80FFAF16-8943-491D-97D4-FBA5047520C3}.Release|Any CPU.Build.0 = Release|Any CPU
		{80FFAF16-8943-491D-97D4-FBA5047520C3}.Release|Any CPU.Deploy.0 = Release|Any CPU
	EndGlobalSection
	GlobalSection(SolutionProperties) = preSolution
		HideSolutionNode = FALSE
	EndGlobalSection
	GlobalSection(ExtensibilityGlobals) = postSolution
		SolutionGuid = {DED36F7E-8015-4436-B741-FF26573FCF37}
	EndGlobalSection
EndGlobal
